
Microsoft Visual Studio Solution File, Format Version 12.00
# Visual Studio Version 17
VisualStudioVersion = 17.8.34408.163
MinimumVisualStudioVersion = 10.0.40219.1
Project("{FAE04EC0-301F-11D3-BF4B-00C04F79EFBC}") = "2212433_QuynhNhu_desktop", "2212433_QuynhNhu_desktop\2212433_QuynhNhu_desktop.csproj", "{B6066529-BFFC-4ADA-B631-6A9B6DA86CB4}"
EndProject
Project("{FAE04EC0-301F-11D3-BF4B-00C04F79EFBC}") = "Vd2", "Vd2\Vd2.csproj", "{546B6D10-D403-49BE-B6ED-FC18CD99E823}"
EndProject
Global
	GlobalSection(SolutionConfigurationPlatforms) = preSolution
		Debug|Any CPU = Debug|Any CPU
		Release|Any CPU = Release|Any CPU
	EndGlobalSection
	GlobalSection(ProjectConfigurationPlatforms) = postSolution
		{B6066529-BFFC-4ADA-B631-6A9B6DA86CB4}.Debug|Any CPU.ActiveCfg = Debug|Any CPU
		{B6066529-BFFC-4ADA-B631-6A9B6DA86CB4}.Debug|Any CPU.Build.0 = Debug|Any CPU
		{B6066529-BFFC-4ADA-B631-6A9B6DA86CB4}.Release|Any CPU.ActiveCfg = Release|Any CPU
		{B6066529-BFFC-4ADA-B631-6A9B6DA86CB4}.Release|Any CPU.Build.0 = Release|Any CPU
		{546B6D10-D403-49BE-B6ED-FC18CD99E823}.Debug|Any CPU.ActiveCfg = Debug|Any CPU
		{546B6D10-D403-49BE-B6ED-FC18CD99E823}.Debug|Any CPU.Build.0 = Debug|Any CPU
		{546B6D10-D403-49BE-B6ED-FC18CD99E823}.Release|Any CPU.ActiveCfg = Release|Any CPU
		{546B6D10-D403-49BE-B6ED-FC18CD99E823}.Release|Any CPU.Build.0 = Release|Any CPU
	EndGlobalSection
	GlobalSection(SolutionProperties) = preSolution
		HideSolutionNode = FALSE
	EndGlobalSection
	GlobalSection(ExtensibilityGlobals) = postSolution
		SolutionGuid = {EEF280AD-E168-4BED-A3E7-504C3D9FB939}
	EndGlobalSection
EndGlobal
